// !$*UTF8*$!
{
	archiveVersion = 1;
	classes = {
	};
	objectVersion = 50;
	objects = {

/* Begin PBXBuildFile section */
		4C26896B22BCA82B00D01042 /* AppDelegate.swift in Sources */ = {isa = PBXBuildFile; fileRef = 4C26896A22BCA82B00D01042 /* AppDelegate.swift */; };
		4C26896D22BCA82B00D01042 /* ViewController.swift in Sources */ = {isa = PBXBuildFile; fileRef = 4C26896C22BCA82B00D01042 /* ViewController.swift */; };
		4C26897022BCA82B00D01042 /* Main.storyboard in Resources */ = {isa = PBXBuildFile; fileRef = 4C26896E22BCA82B00D01042 /* Main.storyboard */; };
		4C26897222BCA82D00D01042 /* Assets.xcassets in Resources */ = {isa = PBXBuildFile; fileRef = 4C26897122BCA82D00D01042 /* Assets.xcassets */; };
		4C26897522BCA82D00D01042 /* LaunchScreen.storyboard in Resources */ = {isa = PBXBuildFile; fileRef = 4C26897322BCA82D00D01042 /* LaunchScreen.storyboard */; };
		4C26898022BCA82D00D01042 /* DatabaseMigrationTests.swift in Sources */ = {isa = PBXBuildFile; fileRef = 4C26897F22BCA82D00D01042 /* DatabaseMigrationTests.swift */; };
		4C26898B22BCA82D00D01042 /* DatabaseMigrationUITests.swift in Sources */ = {isa = PBXBuildFile; fileRef = 4C26898A22BCA82D00D01042 /* DatabaseMigrationUITests.swift */; };
		4C26899D22BCA95D00D01042 /* KeychainHelper.swift in Sources */ = {isa = PBXBuildFile; fileRef = 4C26899A22BCA95D00D01042 /* KeychainHelper.swift */; };
		4C26899E22BCA95D00D01042 /* DatabaseHelper.swift in Sources */ = {isa = PBXBuildFile; fileRef = 4C26899B22BCA95D00D01042 /* DatabaseHelper.swift */; };
		4C26899F22BCA95D00D01042 /* AES256Helper.swift in Sources */ = {isa = PBXBuildFile; fileRef = 4C26899C22BCA95D00D01042 /* AES256Helper.swift */; };
		4C2689AA22BCAAB800D01042 /* migration-2.sql in Resources */ = {isa = PBXBuildFile; fileRef = 4C2689A522BCAAB800D01042 /* migration-2.sql */; };
		4C2689AB22BCAAB800D01042 /* migration-1.sql in Resources */ = {isa = PBXBuildFile; fileRef = 4C2689A622BCAAB800D01042 /* migration-1.sql */; };
		4C2689B822BCACA900D01042 /* AbstractRepository.swift in Sources */ = {isa = PBXBuildFile; fileRef = 4C2689B122BCACA900D01042 /* AbstractRepository.swift */; };
		4C2689B922BCACA900D01042 /* ProductRepository.swift in Sources */ = {isa = PBXBuildFile; fileRef = 4C2689B222BCACA900D01042 /* ProductRepository.swift */; };
		59543160F5325C4EA11C7B11 /* Pods_DatabaseMigration.framework in Frameworks */ = {isa = PBXBuildFile; fileRef = 56F4541D0F631C6902CC5A12 /* Pods_DatabaseMigration.framework */; };
		9FEF6127CA99BD39E7AA7317 /* Pods_DatabaseMigrationTests.framework in Frameworks */ = {isa = PBXBuildFile; fileRef = 9E956B029FB1295EB8EAD7F9 /* Pods_DatabaseMigrationTests.framework */; };
		BEB5B78BF05DC0D4B06398D6 /* Pods_DatabaseMigrationUITests.framework in Frameworks */ = {isa = PBXBuildFile; fileRef = 9C45A79AE111485FF1497DDB /* Pods_DatabaseMigrationUITests.framework */; };
/* End PBXBuildFile section */

/* Begin PBXContainerItemProxy section */
		4C26897C22BCA82D00D01042 /* PBXContainerItemProxy */ = {
			isa = PBXContainerItemProxy;
			containerPortal = 4C26895F22BCA82B00D01042 /* Project object */;
			proxyType = 1;
			remoteGlobalIDString = 4C26896622BCA82B00D01042;
			remoteInfo = DatabaseMigration;
		};
		4C26898722BCA82D00D01042 /* PBXContainerItemProxy */ = {
			isa = PBXContainerItemProxy;
			containerPortal = 4C26895F22BCA82B00D01042 /* Project object */;
			proxyType = 1;
			remoteGlobalIDString = 4C26896622BCA82B00D01042;
			remoteInfo = DatabaseMigration;
		};
/* End PBXContainerItemProxy section */

/* Begin PBXFileReference section */
		3969D18DB8C6627067EB6FEC /* Pods-DatabaseMigration.release.xcconfig */ = {isa = PBXFileReference; includeInIndex = 1; lastKnownFileType = text.xcconfig; name = "Pods-DatabaseMigration.release.xcconfig"; path = "Target Support Files/Pods-DatabaseMigration/Pods-DatabaseMigration.release.xcconfig"; sourceTree = "<group>"; };
		4C26896722BCA82B00D01042 /* DatabaseMigration.app */ = {isa = PBXFileReference; explicitFileType = wrapper.application; includeInIndex = 0; path = DatabaseMigration.app; sourceTree = BUILT_PRODUCTS_DIR; };
		4C26896A22BCA82B00D01042 /* AppDelegate.swift */ = {isa = PBXFileReference; lastKnownFileType = sourcecode.swift; path = AppDelegate.swift; sourceTree = "<group>"; };
		4C26896C22BCA82B00D01042 /* ViewController.swift */ = {isa = PBXFileReference; lastKnownFileType = sourcecode.swift; path = ViewController.swift; sourceTree = "<group>"; };
		4C26896F22BCA82B00D01042 /* Base */ = {isa = PBXFileReference; lastKnownFileType = file.storyboard; name = Base; path = Base.lproj/Main.storyboard; sourceTree = "<group>"; };
		4C26897122BCA82D00D01042 /* Assets.xcassets */ = {isa = PBXFileReference; lastKnownFileType = folder.assetcatalog; path = Assets.xcassets; sourceTree = "<group>"; };
		4C26897422BCA82D00D01042 /* Base */ = {isa = PBXFileReference; lastKnownFileType = file.storyboard; name = Base; path = Base.lproj/LaunchScreen.storyboard; sourceTree = "<group>"; };
		4C26897622BCA82D00D01042 /* Info.plist */ = {isa = PBXFileReference; lastKnownFileType = text.plist.xml; path = Info.plist; sourceTree = "<group>"; };
		4C26897B22BCA82D00D01042 /* DatabaseMigrationTests.xctest */ = {isa = PBXFileReference; explicitFileType = wrapper.cfbundle; includeInIndex = 0; path = DatabaseMigrationTests.xctest; sourceTree = BUILT_PRODUCTS_DIR; };
		4C26897F22BCA82D00D01042 /* DatabaseMigrationTests.swift */ = {isa = PBXFileReference; lastKnownFileType = sourcecode.swift; path = DatabaseMigrationTests.swift; sourceTree = "<group>"; };
		4C26898122BCA82D00D01042 /* Info.plist */ = {isa = PBXFileReference; lastKnownFileType = text.plist.xml; path = Info.plist; sourceTree = "<group>"; };
		4C26898622BCA82D00D01042 /* DatabaseMigrationUITests.xctest */ = {isa = PBXFileReference; explicitFileType = wrapper.cfbundle; includeInIndex = 0; path = DatabaseMigrationUITests.xctest; sourceTree = BUILT_PRODUCTS_DIR; };
		4C26898A22BCA82D00D01042 /* DatabaseMigrationUITests.swift */ = {isa = PBXFileReference; lastKnownFileType = sourcecode.swift; path = DatabaseMigrationUITests.swift; sourceTree = "<group>"; };
		4C26898C22BCA82D00D01042 /* Info.plist */ = {isa = PBXFileReference; lastKnownFileType = text.plist.xml; path = Info.plist; sourceTree = "<group>"; };
		4C26899A22BCA95D00D01042 /* KeychainHelper.swift */ = {isa = PBXFileReference; fileEncoding = 4; lastKnownFileType = sourcecode.swift; path = KeychainHelper.swift; sourceTree = "<group>"; };
		4C26899B22BCA95D00D01042 /* DatabaseHelper.swift */ = {isa = PBXFileReference; fileEncoding = 4; lastKnownFileType = sourcecode.swift; path = DatabaseHelper.swift; sourceTree = "<group>"; };
		4C26899C22BCA95D00D01042 /* AES256Helper.swift */ = {isa = PBXFileReference; fileEncoding = 4; lastKnownFileType = sourcecode.swift; path = AES256Helper.swift; sourceTree = "<group>"; };
		4C2689A522BCAAB800D01042 /* migration-2.sql */ = {isa = PBXFileReference; fileEncoding = 4; lastKnownFileType = text; path = "migration-2.sql"; sourceTree = "<group>"; };
		4C2689A622BCAAB800D01042 /* migration-1.sql */ = {isa = PBXFileReference; fileEncoding = 4; lastKnownFileType = text; path = "migration-1.sql"; sourceTree = "<group>"; };
		4C2689AE22BCACA900D01042 /* UserRepository.swift */ = {isa = PBXFileReference; fileEncoding = 4; lastKnownFileType = sourcecode.swift; path = UserRepository.swift; sourceTree = "<group>"; };
		4C2689AF22BCACA900D01042 /* CategoriesRepository.swift */ = {isa = PBXFileReference; fileEncoding = 4; lastKnownFileType = sourcecode.swift; path = CategoriesRepository.swift; sourceTree = "<group>"; };
		4C2689B122BCACA900D01042 /* AbstractRepository.swift */ = {isa = PBXFileReference; fileEncoding = 4; lastKnownFileType = sourcecode.swift; path = AbstractRepository.swift; sourceTree = "<group>"; };
		4C2689B222BCACA900D01042 /* ProductRepository.swift */ = {isa = PBXFileReference; fileEncoding = 4; lastKnownFileType = sourcecode.swift; path = ProductRepository.swift; sourceTree = "<group>"; };
		56F4541D0F631C6902CC5A12 /* Pods_DatabaseMigration.framework */ = {isa = PBXFileReference; explicitFileType = wrapper.framework; includeInIndex = 0; path = Pods_DatabaseMigration.framework; sourceTree = BUILT_PRODUCTS_DIR; };
		6B39BDE8E4A6F3F2C35627C0 /* Pods-DatabaseMigrationUITests.release.xcconfig */ = {isa = PBXFileReference; includeInIndex = 1; lastKnownFileType = text.xcconfig; name = "Pods-DatabaseMigrationUITests.release.xcconfig"; path = "Target Support Files/Pods-DatabaseMigrationUITests/Pods-DatabaseMigrationUITests.release.xcconfig"; sourceTree = "<group>"; };
		7DEC21944E9331C35C6CB834 /* Pods-DatabaseMigrationTests.release.xcconfig */ = {isa = PBXFileReference; includeInIndex = 1; lastKnownFileType = text.xcconfig; name = "Pods-DatabaseMigrationTests.release.xcconfig"; path = "Target Support Files/Pods-DatabaseMigrationTests/Pods-DatabaseMigrationTests.release.xcconfig"; sourceTree = "<group>"; };
		97C8484AB7D17010EE9714EF /* Pods-DatabaseMigrationUITests.debug.xcconfig */ = {isa = PBXFileReference; includeInIndex = 1; lastKnownFileType = text.xcconfig; name = "Pods-DatabaseMigrationUITests.debug.xcconfig"; path = "Target Support Files/Pods-DatabaseMigrationUITests/Pods-DatabaseMigrationUITests.debug.xcconfig"; sourceTree = "<group>"; };
		9C45A79AE111485FF1497DDB /* Pods_DatabaseMigrationUITests.framework */ = {isa = PBXFileReference; explicitFileType = wrapper.framework; includeInIndex = 0; path = Pods_DatabaseMigrationUITests.framework; sourceTree = BUILT_PRODUCTS_DIR; };
		9E956B029FB1295EB8EAD7F9 /* Pods_DatabaseMigrationTests.framework */ = {isa = PBXFileReference; explicitFileType = wrapper.framework; includeInIndex = 0; path = Pods_DatabaseMigrationTests.framework; sourceTree = BUILT_PRODUCTS_DIR; };
		B2F52AD00448C1B04651E457 /* Pods-DatabaseMigrationTests.debug.xcconfig */ = {isa = PBXFileReference; includeInIndex = 1; lastKnownFileType = text.xcconfig; name = "Pods-DatabaseMigrationTests.debug.xcconfig"; path = "Target Support Files/Pods-DatabaseMigrationTests/Pods-DatabaseMigrationTests.debug.xcconfig"; sourceTree = "<group>"; };
		C2805E6AA87A55F5196520C2 /* Pods-DatabaseMigration.debug.xcconfig */ = {isa = PBXFileReference; includeInIndex = 1; lastKnownFileType = text.xcconfig; name = "Pods-DatabaseMigration.debug.xcconfig"; path = "Target Support Files/Pods-DatabaseMigration/Pods-DatabaseMigration.debug.xcconfig"; sourceTree = "<group>"; };
/* End PBXFileReference section */

/* Begin PBXFrameworksBuildPhase section */
		4C26896422BCA82B00D01042 /* Frameworks */ = {
			isa = PBXFrameworksBuildPhase;
			buildActionMask = 2147483647;
			files = (
				59543160F5325C4EA11C7B11 /* Pods_DatabaseMigration.framework in Frameworks */,
			);
			runOnlyForDeploymentPostprocessing = 0;
		};
		4C26897822BCA82D00D01042 /* Frameworks */ = {
			isa = PBXFrameworksBuildPhase;
			buildActionMask = 2147483647;
			files = (
				9FEF6127CA99BD39E7AA7317 /* Pods_DatabaseMigrationTests.framework in Frameworks */,
			);
			runOnlyForDeploymentPostprocessing = 0;
		};
		4C26898322BCA82D00D01042 /* Frameworks */ = {
			isa = PBXFrameworksBuildPhase;
			buildActionMask = 2147483647;
			files = (
				BEB5B78BF05DC0D4B06398D6 /* Pods_DatabaseMigrationUITests.framework in Frameworks */,
			);
			runOnlyForDeploymentPostprocessing = 0;
		};
/* End PBXFrameworksBuildPhase section */

/* Begin PBXGroup section */
		4C26895E22BCA82B00D01042 = {
			isa = PBXGroup;
			children = (
				4C26896922BCA82B00D01042 /* DatabaseMigration */,
				4C26897E22BCA82D00D01042 /* DatabaseMigrationTests */,
				4C26898922BCA82D00D01042 /* DatabaseMigrationUITests */,
				4C26896822BCA82B00D01042 /* Products */,
				6E02BBA4E43CB11F69A78A39 /* Pods */,
				D31439D0DBE2CB699B33BFA0 /* Frameworks */,
			);
			sourceTree = "<group>";
		};
		4C26896822BCA82B00D01042 /* Products */ = {
			isa = PBXGroup;
			children = (
				4C26896722BCA82B00D01042 /* DatabaseMigration.app */,
				4C26897B22BCA82D00D01042 /* DatabaseMigrationTests.xctest */,
				4C26898622BCA82D00D01042 /* DatabaseMigrationUITests.xctest */,
			);
			name = Products;
			sourceTree = "<group>";
		};
		4C26896922BCA82B00D01042 /* DatabaseMigration */ = {
			isa = PBXGroup;
			children = (
				4C2689AD22BCACA900D01042 /* Repositories */,
				4C2689A022BCAAAA00D01042 /* Assest */,
				4C26899822BCA95D00D01042 /* DatabaseHelper */,
				4C26896A22BCA82B00D01042 /* AppDelegate.swift */,
				4C26896C22BCA82B00D01042 /* ViewController.swift */,
				4C26896E22BCA82B00D01042 /* Main.storyboard */,
				4C26897122BCA82D00D01042 /* Assets.xcassets */,
				4C26897322BCA82D00D01042 /* LaunchScreen.storyboard */,
				4C26897622BCA82D00D01042 /* Info.plist */,
			);
			path = DatabaseMigration;
			sourceTree = "<group>";
		};
		4C26897E22BCA82D00D01042 /* DatabaseMigrationTests */ = {
			isa = PBXGroup;
			children = (
				4C26897F22BCA82D00D01042 /* DatabaseMigrationTests.swift */,
				4C26898122BCA82D00D01042 /* Info.plist */,
			);
			path = DatabaseMigrationTests;
			sourceTree = "<group>";
		};
		4C26898922BCA82D00D01042 /* DatabaseMigrationUITests */ = {
			isa = PBXGroup;
			children = (
				4C26898A22BCA82D00D01042 /* DatabaseMigrationUITests.swift */,
				4C26898C22BCA82D00D01042 /* Info.plist */,
			);
			path = DatabaseMigrationUITests;
			sourceTree = "<group>";
		};
		4C26899822BCA95D00D01042 /* DatabaseHelper */ = {
			isa = PBXGroup;
			children = (
				4C26899922BCA95D00D01042 /* Classes */,
			);
			path = DatabaseHelper;
			sourceTree = "<group>";
		};
		4C26899922BCA95D00D01042 /* Classes */ = {
			isa = PBXGroup;
			children = (
				4C26899A22BCA95D00D01042 /* KeychainHelper.swift */,
				4C26899B22BCA95D00D01042 /* DatabaseHelper.swift */,
				4C26899C22BCA95D00D01042 /* AES256Helper.swift */,
			);
			path = Classes;
			sourceTree = "<group>";
		};
		4C2689A022BCAAAA00D01042 /* Assest */ = {
			isa = PBXGroup;
			children = (
				4C2689A122BCAAB800D01042 /* DB */,
			);
			path = Assest;
			sourceTree = "<group>";
		};
		4C2689A122BCAAB800D01042 /* DB */ = {
			isa = PBXGroup;
			children = (
				4C2689A422BCAAB800D01042 /* Migration Script */,
			);
			path = DB;
			sourceTree = "<group>";
		};
		4C2689A422BCAAB800D01042 /* Migration Script */ = {
			isa = PBXGroup;
			children = (
				4C2689A522BCAAB800D01042 /* migration-2.sql */,
				4C2689A622BCAAB800D01042 /* migration-1.sql */,
			);
			path = "Migration Script";
			sourceTree = "<group>";
		};
		4C2689AD22BCACA900D01042 /* Repositories */ = {
			isa = PBXGroup;
			children = (
				4C2689AE22BCACA900D01042 /* UserRepository.swift */,
				4C2689AF22BCACA900D01042 /* CategoriesRepository.swift */,
				4C2689B122BCACA900D01042 /* AbstractRepository.swift */,
				4C2689B222BCACA900D01042 /* ProductRepository.swift */,
			);
			path = Repositories;
			sourceTree = "<group>";
		};
		6E02BBA4E43CB11F69A78A39 /* Pods */ = {
			isa = PBXGroup;
			children = (
				C2805E6AA87A55F5196520C2 /* Pods-DatabaseMigration.debug.xcconfig */,
				3969D18DB8C6627067EB6FEC /* Pods-DatabaseMigration.release.xcconfig */,
				B2F52AD00448C1B04651E457 /* Pods-DatabaseMigrationTests.debug.xcconfig */,
				7DEC21944E9331C35C6CB834 /* Pods-DatabaseMigrationTests.release.xcconfig */,
				97C8484AB7D17010EE9714EF /* Pods-DatabaseMigrationUITests.debug.xcconfig */,
				6B39BDE8E4A6F3F2C35627C0 /* Pods-DatabaseMigrationUITests.release.xcconfig */,
			);
			path = Pods;
			sourceTree = "<group>";
		};
		D31439D0DBE2CB699B33BFA0 /* Frameworks */ = {
			isa = PBXGroup;
			children = (
				56F4541D0F631C6902CC5A12 /* Pods_DatabaseMigration.framework */,
				9E956B029FB1295EB8EAD7F9 /* Pods_DatabaseMigrationTests.framework */,
				9C45A79AE111485FF1497DDB /* Pods_DatabaseMigrationUITests.framework */,
			);
			name = Frameworks;
			sourceTree = "<group>";
		};
/* End PBXGroup section */

/* Begin PBXNativeTarget section */
		4C26896622BCA82B00D01042 /* DatabaseMigration */ = {
			isa = PBXNativeTarget;
			buildConfigurationList = 4C26898F22BCA82D00D01042 /* Build configuration list for PBXNativeTarget "DatabaseMigration" */;
			buildPhases = (
				AE99C8ADBF4EB5C786E43FD6 /* [CP] Check Pods Manifest.lock */,
				4C26896322BCA82B00D01042 /* Sources */,
				4C26896422BCA82B00D01042 /* Frameworks */,
				4C26896522BCA82B00D01042 /* Resources */,
				89EF81309579F59F9F112DEF /* [CP] Embed Pods Frameworks */,
			);
			buildRules = (
			);
			dependencies = (
			);
			name = DatabaseMigration;
			productName = DatabaseMigration;
			productReference = 4C26896722BCA82B00D01042 /* DatabaseMigration.app */;
			productType = "com.apple.product-type.application";
		};
		4C26897A22BCA82D00D01042 /* DatabaseMigrationTests */ = {
			isa = PBXNativeTarget;
			buildConfigurationList = 4C26899222BCA82D00D01042 /* Build configuration list for PBXNativeTarget "DatabaseMigrationTests" */;
			buildPhases = (
				06F42C4AD00565737B5F6463 /* [CP] Check Pods Manifest.lock */,
				4C26897722BCA82D00D01042 /* Sources */,
				4C26897822BCA82D00D01042 /* Frameworks */,
				4C26897922BCA82D00D01042 /* Resources */,
			);
			buildRules = (
			);
			dependencies = (
				4C26897D22BCA82D00D01042 /* PBXTargetDependency */,
			);
			name = DatabaseMigrationTests;
			productName = DatabaseMigrationTests;
			productReference = 4C26897B22BCA82D00D01042 /* DatabaseMigrationTests.xctest */;
			productType = "com.apple.product-type.bundle.unit-test";
		};
		4C26898522BCA82D00D01042 /* DatabaseMigrationUITests */ = {
			isa = PBXNativeTarget;
			buildConfigurationList = 4C26899522BCA82D00D01042 /* Build configuration list for PBXNativeTarget "DatabaseMigrationUITests" */;
			buildPhases = (
				2BC6E722BE6321C135C926CD /* [CP] Check Pods Manifest.lock */,
				4C26898222BCA82D00D01042 /* Sources */,
				4C26898322BCA82D00D01042 /* Frameworks */,
				4C26898422BCA82D00D01042 /* Resources */,
			);
			buildRules = (
			);
			dependencies = (
				4C26898822BCA82D00D01042 /* PBXTargetDependency */,
			);
			name = DatabaseMigrationUITests;
			productName = DatabaseMigrationUITests;
			productReference = 4C26898622BCA82D00D01042 /* DatabaseMigrationUITests.xctest */;
			productType = "com.apple.product-type.bundle.ui-testing";
		};
/* End PBXNativeTarget section */

/* Begin PBXProject section */
		4C26895F22BCA82B00D01042 /* Project object */ = {
			isa = PBXProject;
			attributes = {
				LastSwiftUpdateCheck = 1010;
				LastUpgradeCheck = 1010;
				ORGANIZATIONNAME = "Shantaram Kokate";
				TargetAttributes = {
					4C26896622BCA82B00D01042 = {
						CreatedOnToolsVersion = 10.1;
					};
					4C26897A22BCA82D00D01042 = {
						CreatedOnToolsVersion = 10.1;
						TestTargetID = 4C26896622BCA82B00D01042;
					};
					4C26898522BCA82D00D01042 = {
						CreatedOnToolsVersion = 10.1;
						TestTargetID = 4C26896622BCA82B00D01042;
					};
				};
			};
			buildConfigurationList = 4C26896222BCA82B00D01042 /* Build configuration list for PBXProject "DatabaseMigration" */;
			compatibilityVersion = "Xcode 9.3";
			developmentRegion = en;
			hasScannedForEncodings = 0;
			knownRegions = (
				en,
				Base,
			);
			mainGroup = 4C26895E22BCA82B00D01042;
			productRefGroup = 4C26896822BCA82B00D01042 /* Products */;
			projectDirPath = "";
			projectRoot = "";
			targets = (
				4C26896622BCA82B00D01042 /* DatabaseMigration */,
				4C26897A22BCA82D00D01042 /* DatabaseMigrationTests */,
				4C26898522BCA82D00D01042 /* DatabaseMigrationUITests */,
			);
		};
/* End PBXProject section */

/* Begin PBXResourcesBuildPhase section */
		4C26896522BCA82B00D01042 /* Resources */ = {
			isa = PBXResourcesBuildPhase;
			buildActionMask = 2147483647;
			files = (
				4C2689AB22BCAAB800D01042 /* migration-1.sql in Resources */,
				4C2689AA22BCAAB800D01042 /* migration-2.sql in Resources */,
				4C26897522BCA82D00D01042 /* LaunchScreen.storyboard in Resources */,
				4C26897222BCA82D00D01042 /* Assets.xcassets in Resources */,
				4C26897022BCA82B00D01042 /* Main.storyboard in Resources */,
			);
			runOnlyForDeploymentPostprocessing = 0;
		};
		4C26897922BCA82D00D01042 /* Resources */ = {
			isa = PBXResourcesBuildPhase;
			buildActionMask = 2147483647;
			files = (
			);
			runOnlyForDeploymentPostprocessing = 0;
		};
		4C26898422BCA82D00D01042 /* Resources */ = {
			isa = PBXResourcesBuildPhase;
			buildActionMask = 2147483647;
			files = (
			);
			runOnlyForDeploymentPostprocessing = 0;
		};
/* End PBXResourcesBuildPhase section */

/* Begin PBXShellScriptBuildPhase section */
		06F42C4AD00565737B5F6463 /* [CP] Check Pods Manifest.lock */ = {
			isa = PBXShellScriptBuildPhase;
			buildActionMask = 2147483647;
			files = (
			);
			inputFileListPaths = (
			);
			inputPaths = (
				"${PODS_PODFILE_DIR_PATH}/Podfile.lock",
				"${PODS_ROOT}/Manifest.lock",
			);
			name = "[CP] Check Pods Manifest.lock";
			outputFileListPaths = (
			);
			outputPaths = (
				"$(DERIVED_FILE_DIR)/Pods-DatabaseMigrationTests-checkManifestLockResult.txt",
			);
			runOnlyForDeploymentPostprocessing = 0;
			shellPath = /bin/sh;
			shellScript = "diff \"${PODS_PODFILE_DIR_PATH}/Podfile.lock\" \"${PODS_ROOT}/Manifest.lock\" > /dev/null\nif [ $? != 0 ] ; then\n    # print error to STDERR\n    echo \"error: The sandbox is not in sync with the Podfile.lock. Run 'pod install' or update your CocoaPods installation.\" >&2\n    exit 1\nfi\n# This output is used by Xcode 'outputs' to avoid re-running this script phase.\necho \"SUCCESS\" > \"${SCRIPT_OUTPUT_FILE_0}\"\n";
			showEnvVarsInLog = 0;
		};
		2BC6E722BE6321C135C926CD /* [CP] Check Pods Manifest.lock */ = {
			isa = PBXShellScriptBuildPhase;
			buildActionMask = 2147483647;
			files = (
			);
			inputFileListPaths = (
			);
			inputPaths = (
				"${PODS_PODFILE_DIR_PATH}/Podfile.lock",
				"${PODS_ROOT}/Manifest.lock",
			);
			name = "[CP] Check Pods Manifest.lock";
			outputFileListPaths = (
			);
			outputPaths = (
				"$(DERIVED_FILE_DIR)/Pods-DatabaseMigrationUITests-checkManifestLockResult.txt",
			);
			runOnlyForDeploymentPostprocessing = 0;
			shellPath = /bin/sh;
			shellScript = "diff \"${PODS_PODFILE_DIR_PATH}/Podfile.lock\" \"${PODS_ROOT}/Manifest.lock\" > /dev/null\nif [ $? != 0 ] ; then\n    # print error to STDERR\n    echo \"error: The sandbox is not in sync with the Podfile.lock. Run 'pod install' or update your CocoaPods installation.\" >&2\n    exit 1\nfi\n# This output is used by Xcode 'outputs' to avoid re-running this script phase.\necho \"SUCCESS\" > \"${SCRIPT_OUTPUT_FILE_0}\"\n";
			showEnvVarsInLog = 0;
		};
		89EF81309579F59F9F112DEF /* [CP] Embed Pods Frameworks */ = {
			isa = PBXShellScriptBuildPhase;
			buildActionMask = 2147483647;
			files = (
			);
			inputFileListPaths = (
			);
			inputPaths = (
				"${PODS_ROOT}/Target Support Files/Pods-DatabaseMigration/Pods-DatabaseMigration-frameworks.sh",
				"${BUILT_PRODUCTS_DIR}/CryptoSwift/CryptoSwift.framework",
				"${BUILT_PRODUCTS_DIR}/FMDB/FMDB.framework",
				"${BUILT_PRODUCTS_DIR}/SQLCipher/SQLCipher.framework",
				"${BUILT_PRODUCTS_DIR}/SwiftKeychainWrapper/SwiftKeychainWrapper.framework",
			);
			name = "[CP] Embed Pods Frameworks";
			outputFileListPaths = (
			);
			outputPaths = (
				"${TARGET_BUILD_DIR}/${FRAMEWORKS_FOLDER_PATH}/CryptoSwift.framework",
				"${TARGET_BUILD_DIR}/${FRAMEWORKS_FOLDER_PATH}/FMDB.framework",
				"${TARGET_BUILD_DIR}/${FRAMEWORKS_FOLDER_PATH}/SQLCipher.framework",
				"${TARGET_BUILD_DIR}/${FRAMEWORKS_FOLDER_PATH}/SwiftKeychainWrapper.framework",
			);
			runOnlyForDeploymentPostprocessing = 0;
			shellPath = /bin/sh;
			shellScript = "\"${PODS_ROOT}/Target Support Files/Pods-DatabaseMigration/Pods-DatabaseMigration-frameworks.sh\"\n";
			showEnvVarsInLog = 0;
		};
		AE99C8ADBF4EB5C786E43FD6 /* [CP] Check Pods Manifest.lock */ = {
			isa = PBXShellScriptBuildPhase;
			buildActionMask = 2147483647;
			files = (
			);
			inputFileListPaths = (
			);
			inputPaths = (
				"${PODS_PODFILE_DIR_PATH}/Podfile.lock",
				"${PODS_ROOT}/Manifest.lock",
			);
			name = "[CP] Check Pods Manifest.lock";
			outputFileListPaths = (
			);
			outputPaths = (
				"$(DERIVED_FILE_DIR)/Pods-DatabaseMigration-checkManifestLockResult.txt",
			);
			runOnlyForDeploymentPostprocessing = 0;
			shellPath = /bin/sh;
			shellScript = "diff \"${PODS_PODFILE_DIR_PATH}/Podfile.lock\" \"${PODS_ROOT}/Manifest.lock\" > /dev/null\nif [ $? != 0 ] ; then\n    # print error to STDERR\n    echo \"error: The sandbox is not in sync with the Podfile.lock. Run 'pod install' or update your CocoaPods installation.\" >&2\n    exit 1\nfi\n# This output is used by Xcode 'outputs' to avoid re-running this script phase.\necho \"SUCCESS\" > \"${SCRIPT_OUTPUT_FILE_0}\"\n";
			showEnvVarsInLog = 0;
		};
/* End PBXShellScriptBuildPhase section */

/* Begin PBXSourcesBuildPhase section */
		4C26896322BCA82B00D01042 /* Sources */ = {
			isa = PBXSourcesBuildPhase;
			buildActionMask = 2147483647;
			files = (
				4C26899E22BCA95D00D01042 /* DatabaseHelper.swift in Sources */,
				4C26896D22BCA82B00D01042 /* ViewController.swift in Sources */,
				4C26899D22BCA95D00D01042 /* KeychainHelper.swift in Sources */,
				4C2689B922BCACA900D01042 /* ProductRepository.swift in Sources */,
				4C2689B822BCACA900D01042 /* AbstractRepository.swift in Sources */,
				4C26899F22BCA95D00D01042 /* AES256Helper.swift in Sources */,
				4C26896B22BCA82B00D01042 /* AppDelegate.swift in Sources */,
			);
			runOnlyForDeploymentPostprocessing = 0;
		};
		4C26897722BCA82D00D01042 /* Sources */ = {
			isa = PBXSourcesBuildPhase;
			buildActionMask = 2147483647;
			files = (
				4C26898022BCA82D00D01042 /* DatabaseMigrationTests.swift in Sources */,
			);
			runOnlyForDeploymentPostprocessing = 0;
		};
		4C26898222BCA82D00D01042 /* Sources */ = {
			isa = PBXSourcesBuildPhase;
			buildActionMask = 2147483647;
			files = (
				4C26898B22BCA82D00D01042 /* DatabaseMigrationUITests.swift in Sources */,
			);
			runOnlyForDeploymentPostprocessing = 0;
		};
/* End PBXSourcesBuildPhase section */

/* Begin PBXTargetDependency section */
		4C26897D22BCA82D00D01042 /* PBXTargetDependency */ = {
			isa = PBXTargetDependency;
			target = 4C26896622BCA82B00D01042 /* DatabaseMigration */;
			targetProxy = 4C26897C22BCA82D00D01042 /* PBXContainerItemProxy */;
		};
		4C26898822BCA82D00D01042 /* PBXTargetDependency */ = {
			isa = PBXTargetDependency;
			target = 4C26896622BCA82B00D01042 /* DatabaseMigration */;
			targetProxy = 4C26898722BCA82D00D01042 /* PBXContainerItemProxy */;
		};
/* End PBXTargetDependency section */

/* Begin PBXVariantGroup section */
		4C26896E22BCA82B00D01042 /* Main.storyboard */ = {
			isa = PBXVariantGroup;
			children = (
				4C26896F22BCA82B00D01042 /* Base */,
			);
			name = Main.storyboard;
			sourceTree = "<group>";
		};
		4C26897322BCA82D00D01042 /* LaunchScreen.storyboard */ = {
			isa = PBXVariantGroup;
			children = (
				4C26897422BCA82D00D01042 /* Base */,
			);
			name = LaunchScreen.storyboard;
			sourceTree = "<group>";
		};
/* End PBXVariantGroup section */

/* Begin XCBuildConfiguration section */
		4C26898D22BCA82D00D01042 /* Debug */ = {
			isa = XCBuildConfiguration;
			buildSettings = {
				ALWAYS_SEARCH_USER_PATHS = NO;
				CLANG_ANALYZER_NONNULL = YES;
				CLANG_ANALYZER_NUMBER_OBJECT_CONVERSION = YES_AGGRESSIVE;
				CLANG_CXX_LANGUAGE_STANDARD = "gnu++14";
				CLANG_CXX_LIBRARY = "libc++";
				CLANG_ENABLE_MODULES = YES;
				CLANG_ENABLE_OBJC_ARC = YES;
				CLANG_ENABLE_OBJC_WEAK = YES;
				CLANG_WARN_BLOCK_CAPTURE_AUTORELEASING = YES;
				CLANG_WARN_BOOL_CONVERSION = YES;
				CLANG_WARN_COMMA = YES;
				CLANG_WARN_CONSTANT_CONVERSION = YES;
				CLANG_WARN_DEPRECATED_OBJC_IMPLEMENTATIONS = YES;
				CLANG_WARN_DIRECT_OBJC_ISA_USAGE = YES_ERROR;
				CLANG_WARN_DOCUMENTATION_COMMENTS = YES;
				CLANG_WARN_EMPTY_BODY = YES;
				CLANG_WARN_ENUM_CONVERSION = YES;
				CLANG_WARN_INFINITE_RECURSION = YES;
				CLANG_WARN_INT_CONVERSION = YES;
				CLANG_WARN_NON_LITERAL_NULL_CONVERSION = YES;
				CLANG_WARN_OBJC_IMPLICIT_RETAIN_SELF = YES;
				CLANG_WARN_OBJC_LITERAL_CONVERSION = YES;
				CLANG_WARN_OBJC_ROOT_CLASS = YES_ERROR;
				CLANG_WARN_RANGE_LOOP_ANALYSIS = YES;
				CLANG_WARN_STRICT_PROTOTYPES = YES;
				CLANG_WARN_SUSPICIOUS_MOVE = YES;
				CLANG_WARN_UNGUARDED_AVAILABILITY = YES_AGGRESSIVE;
				CLANG_WARN_UNREACHABLE_CODE = YES;
				CLANG_WARN__DUPLICATE_METHOD_MATCH = YES;
				CODE_SIGN_IDENTITY = "iPhone Developer";
				COPY_PHASE_STRIP = NO;
				DEBUG_INFORMATION_FORMAT = dwarf;
				ENABLE_STRICT_OBJC_MSGSEND = YES;
				ENABLE_TESTABILITY = YES;
				GCC_C_LANGUAGE_STANDARD = gnu11;
				GCC_DYNAMIC_NO_PIC = NO;
				GCC_NO_COMMON_BLOCKS = YES;
				GCC_OPTIMIZATION_LEVEL = 0;
				GCC_PREPROCESSOR_DEFINITIONS = (
					"DEBUG=1",
					"$(inherited)",
				);
				GCC_WARN_64_TO_32_BIT_CONVERSION = YES;
				GCC_WARN_ABOUT_RETURN_TYPE = YES_ERROR;
				GCC_WARN_UNDECLARED_SELECTOR = YES;
				GCC_WARN_UNINITIALIZED_AUTOS = YES_AGGRESSIVE;
				GCC_WARN_UNUSED_FUNCTION = YES;
				GCC_WARN_UNUSED_VARIABLE = YES;
				IPHONEOS_DEPLOYMENT_TARGET = 12.1;
				MTL_ENABLE_DEBUG_INFO = INCLUDE_SOURCE;
				MTL_FAST_MATH = YES;
				ONLY_ACTIVE_ARCH = YES;
				SDKROOT = iphoneos;
				SWIFT_ACTIVE_COMPILATION_CONDITIONS = DEBUG;
				SWIFT_OPTIMIZATION_LEVEL = "-Onone";
			};
			name = Debug;
		};
		4C26898E22BCA82D00D01042 /* Release */ = {
			isa = XCBuildConfiguration;
			buildSettings = {
				ALWAYS_SEARCH_USER_PATHS = NO;
				CLANG_ANALYZER_NONNULL = YES;
				CLANG_ANALYZER_NUMBER_OBJECT_CONVERSION = YES_AGGRESSIVE;
				CLANG_CXX_LANGUAGE_STANDARD = "gnu++14";
				CLANG_CXX_LIBRARY = "libc++";
				CLANG_ENABLE_MODULES = YES;
				CLANG_ENABLE_OBJC_ARC = YES;
				CLANG_ENABLE_OBJC_WEAK = YES;
				CLANG_WARN_BLOCK_CAPTURE_AUTORELEASING = YES;
				CLANG_WARN_BOOL_CONVERSION = YES;
				CLANG_WARN_COMMA = YES;
				CLANG_WARN_CONSTANT_CONVERSION = YES;
				CLANG_WARN_DEPRECATED_OBJC_IMPLEMENTATIONS = YES;
				CLANG_WARN_DIRECT_OBJC_ISA_USAGE = YES_ERROR;
				CLANG_WARN_DOCUMENTATION_COMMENTS = YES;
				CLANG_WARN_EMPTY_BODY = YES;
				CLANG_WARN_ENUM_CONVERSION = YES;
				CLANG_WARN_INFINITE_RECURSION = YES;
				CLANG_WARN_INT_CONVERSION = YES;
				CLANG_WARN_NON_LITERAL_NULL_CONVERSION = YES;
				CLANG_WARN_OBJC_IMPLICIT_RETAIN_SELF = YES;
				CLANG_WARN_OBJC_LITERAL_CONVERSION = YES;
				CLANG_WARN_OBJC_ROOT_CLASS = YES_ERROR;
				CLANG_WARN_RANGE_LOOP_ANALYSIS = YES;
				CLANG_WARN_STRICT_PROTOTYPES = YES;
				CLANG_WARN_SUSPICIOUS_MOVE = YES;
				CLANG_WARN_UNGUARDED_AVAILABILITY = YES_AGGRESSIVE;
				CLANG_WARN_UNREACHABLE_CODE = YES;
				CLANG_WARN__DUPLICATE_METHOD_MATCH = YES;
				CODE_SIGN_IDENTITY = "iPhone Developer";
				COPY_PHASE_STRIP = NO;
				DEBUG_INFORMATION_FORMAT = "dwarf-with-dsym";
				ENABLE_NS_ASSERTIONS = NO;
				ENABLE_STRICT_OBJC_MSGSEND = YES;
				GCC_C_LANGUAGE_STANDARD = gnu11;
				GCC_NO_COMMON_BLOCKS = YES;
				GCC_WARN_64_TO_32_BIT_CONVERSION = YES;
				GCC_WARN_ABOUT_RETURN_TYPE = YES_ERROR;
				GCC_WARN_UNDECLARED_SELECTOR = YES;
				GCC_WARN_UNINITIALIZED_AUTOS = YES_AGGRESSIVE;
				GCC_WARN_UNUSED_FUNCTION = YES;
				GCC_WARN_UNUSED_VARIABLE = YES;
				IPHONEOS_DEPLOYMENT_TARGET = 12.1;
				MTL_ENABLE_DEBUG_INFO = NO;
				MTL_FAST_MATH = YES;
				SDKROOT = iphoneos;
				SWIFT_COMPILATION_MODE = wholemodule;
				SWIFT_OPTIMIZATION_LEVEL = "-O";
				VALIDATE_PRODUCT = YES;
			};
			name = Release;
		};
		4C26899022BCA82D00D01042 /* Debug */ = {
			isa = XCBuildConfiguration;
			baseConfigurationReference = C2805E6AA87A55F5196520C2 /* Pods-DatabaseMigration.debug.xcconfig */;
			buildSettings = {
				ASSETCATALOG_COMPILER_APPICON_NAME = AppIcon;
				CODE_SIGN_STYLE = Automatic;
				DEVELOPMENT_TEAM = GA4BAP9K3F;
				INFOPLIST_FILE = DatabaseMigration/Info.plist;
				IPHONEOS_DEPLOYMENT_TARGET = 10.2;
				LD_RUNPATH_SEARCH_PATHS = (
					"$(inherited)",
					"@executable_path/Frameworks",
				);
				PRODUCT_BUNDLE_IDENTIFIER = www.www.demo;
				PRODUCT_NAME = "$(TARGET_NAME)";
				SWIFT_VERSION = 4.2;
				TARGETED_DEVICE_FAMILY = "1,2";
			};
			name = Debug;
		};
		4C26899122BCA82D00D01042 /* Release */ = {
			isa = XCBuildConfiguration;
			baseConfigurationReference = 3969D18DB8C6627067EB6FEC /* Pods-DatabaseMigration.release.xcconfig */;
			buildSettings = {
				ASSETCATALOG_COMPILER_APPICON_NAME = AppIcon;
				CODE_SIGN_STYLE = Automatic;
				DEVELOPMENT_TEAM = GA4BAP9K3F;
				INFOPLIST_FILE = DatabaseMigration/Info.plist;
				IPHONEOS_DEPLOYMENT_TARGET = 10.2;
				LD_RUNPATH_SEARCH_PATHS = (
					"$(inherited)",
					"@executable_path/Frameworks",
				);
				PRODUCT_BUNDLE_IDENTIFIER = www.www.demo;
				PRODUCT_NAME = "$(TARGET_NAME)";
				SWIFT_VERSION = 4.2;
				TARGETED_DEVICE_FAMILY = "1,2";
			};
			name = Release;
		};
		4C26899322BCA82D00D01042 /* Debug */ = {
			isa = XCBuildConfiguration;
			baseConfigurationReference = B2F52AD00448C1B04651E457 /* Pods-DatabaseMigrationTests.debug.xcconfig */;
			buildSettings = {
				ALWAYS_EMBED_SWIFT_STANDARD_LIBRARIES = YES;
				BUNDLE_LOADER = "$(TEST_HOST)";
				CODE_SIGN_STYLE = Automatic;
				INFOPLIST_FILE = DatabaseMigrationTests/Info.plist;
				LD_RUNPATH_SEARCH_PATHS = (
					"$(inherited)",
					"@executable_path/Frameworks",
					"@loader_path/Frameworks",
				);
				PRODUCT_BUNDLE_IDENTIFIER = www.www.demo.DatabaseMigrationTests;
				PRODUCT_NAME = "$(TARGET_NAME)";
				SWIFT_VERSION = 4.2;
				TARGETED_DEVICE_FAMILY = "1,2";
				TEST_HOST = "$(BUILT_PRODUCTS_DIR)/DatabaseMigration.app/DatabaseMigration";
			};
			name = Debug;
		};
		4C26899422BCA82D00D01042 /* Release */ = {
			isa = XCBuildConfiguration;
			baseConfigurationReference = 7DEC21944E9331C35C6CB834 /* Pods-DatabaseMigrationTests.release.xcconfig */;
			buildSettings = {
				ALWAYS_EMBED_SWIFT_STANDARD_LIBRARIES = YES;
				BUNDLE_LOADER = "$(TEST_HOST)";
				CODE_SIGN_STYLE = Automatic;
				INFOPLIST_FILE = DatabaseMigrationTests/Info.plist;
				LD_RUNPATH_SEARCH_PATHS = (
					"$(inherited)",
					"@executable_path/Frameworks",
					"@loader_path/Frameworks",
				);
				PRODUCT_BUNDLE_IDENTIFIER = www.www.demo.DatabaseMigrationTests;
				PRODUCT_NAME = "$(TARGET_NAME)";
				SWIFT_VERSION = 4.2;
				TARGETED_DEVICE_FAMILY = "1,2";
				TEST_HOST = "$(BUILT_PRODUCTS_DIR)/DatabaseMigration.app/DatabaseMigration";
			};
			name = Release;
		};
		4C26899622BCA82D00D01042 /* Debug */ = {
			isa = XCBuildConfiguration;
			baseConfigurationReference = 97C8484AB7D17010EE9714EF /* Pods-DatabaseMigrationUITests.debug.xcconfig */;
			buildSettings = {
				ALWAYS_EMBED_SWIFT_STANDARD_LIBRARIES = YES;
				CODE_SIGN_STYLE = Automatic;
				INFOPLIST_FILE = DatabaseMigrationUITests/Info.plist;
				LD_RUNPATH_SEARCH_PATHS = (
					"$(inherited)",
					"@executable_path/Frameworks",
					"@loader_path/Frameworks",
				);
				PRODUCT_BUNDLE_IDENTIFIER = www.www.demo.DatabaseMigrationUITests;
				PRODUCT_NAME = "$(TARGET_NAME)";
				SWIFT_VERSION = 4.2;
				TARGETED_DEVICE_FAMILY = "1,2";
				TEST_TARGET_NAME = DatabaseMigration;
			};
			name = Debug;
		};
		4C26899722BCA82D00D01042 /* Release */ = {
			isa = XCBuildConfiguration;
			baseConfigurationReference = 6B39BDE8E4A6F3F2C35627C0 /* Pods-DatabaseMigrationUITests.release.xcconfig */;
			buildSettings = {
				ALWAYS_EMBED_SWIFT_STANDARD_LIBRARIES = YES;
				CODE_SIGN_STYLE = Automatic;
				INFOPLIST_FILE = DatabaseMigrationUITests/Info.plist;
				LD_RUNPATH_SEARCH_PATHS = (
					"$(inherited)",
					"@executable_path/Frameworks",
					"@loader_path/Frameworks",
				);
				PRODUCT_BUNDLE_IDENTIFIER = www.www.demo.DatabaseMigrationUITests;
				PRODUCT_NAME = "$(TARGET_NAME)";
				SWIFT_VERSION = 4.2;
				TARGETED_DEVICE_FAMILY = "1,2";
				TEST_TARGET_NAME = DatabaseMigration;
			};
			name = Release;
		};
/* End XCBuildConfiguration section */

/* Begin XCConfigurationList section */
		4C26896222BCA82B00D01042 /* Build configuration list for PBXProject "DatabaseMigration" */ = {
			isa = XCConfigurationList;
			buildConfigurations = (
				4C26898D22BCA82D00D01042 /* Debug */,
				4C26898E22BCA82D00D01042 /* Release */,
			);
			defaultConfigurationIsVisible = 0;
			defaultConfigurationName = Release;
		};
		4C26898F22BCA82D00D01042 /* Build configuration list for PBXNativeTarget "DatabaseMigration" */ = {
			isa = XCConfigurationList;
			buildConfigurations = (
				4C26899022BCA82D00D01042 /* Debug */,
				4C26899122BCA82D00D01042 /* Release */,
			);
			defaultConfigurationIsVisible = 0;
			defaultConfigurationName = Release;
		};
		4C26899222BCA82D00D01042 /* Build configuration list for PBXNativeTarget "DatabaseMigrationTests" */ = {
			isa = XCConfigurationList;
			buildConfigurations = (
				4C26899322BCA82D00D01042 /* Debug */,
				4C26899422BCA82D00D01042 /* Release */,
			);
			defaultConfigurationIsVisible = 0;
			defaultConfigurationName = Release;
		};
		4C26899522BCA82D00D01042 /* Build configuration list for PBXNativeTarget "DatabaseMigrationUITests" */ = {
			isa = XCConfigurationList;
			buildConfigurations = (
				4C26899622BCA82D00D01042 /* Debug */,
				4C26899722BCA82D00D01042 /* Release */,
			);
			defaultConfigurationIsVisible = 0;
			defaultConfigurationName = Release;
		};
/* End XCConfigurationList section */
	};
	rootObject = 4C26895F22BCA82B00D01042 /* Project object */;
}
